
Microsoft Visual Studio Solution File, Format Version 12.00
# Visual Studio Version 17
VisualStudioVersion = 17.0.31903.59
MinimumVisualStudioVersion = 10.0.40219.1
Project("{2150E333-8FDC-42A3-9474-1A3956D46DE8}") = "src", "src", "{C76B1A71-E17E-4C2A-A5FB-A5D03E2C489B}"
EndProject
Project("{FAE04EC0-301F-11D3-BF4B-00C04F79EFBC}") = "SlideinaCalendar.Core", "src\SlideinaCalendar.Core\SlideinaCalendar.Core.csproj", "{44194D89-B633-4BE2-A810-7335EB7C2F4F}"
EndProject
Project("{FAE04EC0-301F-11D3-BF4B-00C04F79EFBC}") = "SlideinaCalendar.Data", "src\SlideinaCalendar.Data\SlideinaCalendar.Data.csproj", "{25F83B43-C199-406F-9A10-A69ED699B563}"
EndProject
Project("{FAE04EC0-301F-11D3-BF4B-00C04F79EFBC}") = "SlideinaCalendar.Google", "src\SlideinaCalendar.Google\SlideinaCalendar.Google.csproj", "{ACD023F2-F6C0-463F-9472-D93749E45882}"
EndProject
Project("{FAE04EC0-301F-11D3-BF4B-00C04F79EFBC}") = "SlideinaCalendar.Shell", "src\SlideinaCalendar.Shell\SlideinaCalendar.Shell.csproj", "{E0DFD674-5DD0-4805-A310-7FA15440C7AF}"
EndProject
Project("{FAE04EC0-301F-11D3-BF4B-00C04F79EFBC}") = "SlideinaCalendar.App", "src\SlideinaCalendar.App\SlideinaCalendar.App.csproj", "{02ECB24F-C2DF-4BBC-918A-72A9FDFC4CD2}"
EndProject
Project("{2150E333-8FDC-42A3-9474-1A3956D46DE8}") = "tests", "tests", "{AC8EA7CF-E214-4D55-9682-6F8632A277ED}"
EndProject
Project("{FAE04EC0-301F-11D3-BF4B-00C04F79EFBC}") = "SlideinaCalendar.Core.Tests", "tests\SlideinaCalendar.Core.Tests\SlideinaCalendar.Core.Tests.csproj", "{33D99882-899A-4DF9-955F-B655B6F61CE9}"
EndProject
Project("{2150E333-8FDC-42A3-9474-1A3956D46DE8}") = "samples", "samples", "{3C81A150-631F-4513-B71C-2AB442957EE2}"
EndProject
Project("{FAE04EC0-301F-11D3-BF4B-00C04F79EFBC}") = "AppBarProbe", "samples\AppBarProbe\AppBarProbe.csproj", "{24896ED0-32CD-488A-A8A0-3EFE1055C2F3}"
EndProject
Project("{FAE04EC0-301F-11D3-BF4B-00C04F79EFBC}") = "SlideinaCalendar.Data.Tests", "tests\SlideinaCalendar.Data.Tests\SlideinaCalendar.Data.Tests.csproj", "{B6F1BFCD-6D38-4A06-AFEA-128766F069CA}"
EndProject
Global
	GlobalSection(SolutionConfigurationPlatforms) = preSolution
		Debug|Any CPU = Debug|Any CPU
		Release|Any CPU = Release|Any CPU
	EndGlobalSection
	GlobalSection(SolutionProperties) = preSolution
		HideSolutionNode = FALSE
	EndGlobalSection
	GlobalSection(ProjectConfigurationPlatforms) = postSolution
		{44194D89-B633-4BE2-A810-7335EB7C2F4F}.Debug|Any CPU.ActiveCfg = Debug|Any CPU
		{44194D89-B633-4BE2-A810-7335EB7C2F4F}.Debug|Any CPU.Build.0 = Debug|Any CPU
		{44194D89-B633-4BE2-A810-7335EB7C2F4F}.Release|Any CPU.ActiveCfg = Release|Any CPU
		{44194D89-B633-4BE2-A810-7335EB7C2F4F}.Release|Any CPU.Build.0 = Release|Any CPU
		{25F83B43-C199-406F-9A10-A69ED699B563}.Debug|Any CPU.ActiveCfg = Debug|Any CPU
		{25F83B43-C199-406F-9A10-A69ED699B563}.Debug|Any CPU.Build.0 = Debug|Any CPU
		{25F83B43-C199-406F-9A10-A69ED699B563}.Release|Any CPU.ActiveCfg = Release|Any CPU
		{25F83B43-C199-406F-9A10-A69ED699B563}.Release|Any CPU.Build.0 = Release|Any CPU
		{ACD023F2-F6C0-463F-9472-D93749E45882}.Debug|Any CPU.ActiveCfg = Debug|Any CPU
		{ACD023F2-F6C0-463F-9472-D93749E45882}.Debug|Any CPU.Build.0 = Debug|Any CPU
		{ACD023F2-F6C0-463F-9472-D93749E45882}.Release|Any CPU.ActiveCfg = Release|Any CPU
		{ACD023F2-F6C0-463F-9472-D93749E45882}.Release|Any CPU.Build.0 = Release|Any CPU
		{E0DFD674-5DD0-4805-A310-7FA15440C7AF}.Debug|Any CPU.ActiveCfg = Debug|Any CPU
		{E0DFD674-5DD0-4805-A310-7FA15440C7AF}.Debug|Any CPU.Build.0 = Debug|Any CPU
		{E0DFD674-5DD0-4805-A310-7FA15440C7AF}.Release|Any CPU.ActiveCfg = Release|Any CPU
		{E0DFD674-5DD0-4805-A310-7FA15440C7AF}.Release|Any CPU.Build.0 = Release|Any CPU
		{02ECB24F-C2DF-4BBC-918A-72A9FDFC4CD2}.Debug|Any CPU.ActiveCfg = Debug|Any CPU
		{02ECB24F-C2DF-4BBC-918A-72A9FDFC4CD2}.Debug|Any CPU.Build.0 = Debug|Any CPU
		{02ECB24F-C2DF-4BBC-918A-72A9FDFC4CD2}.Release|Any CPU.ActiveCfg = Release|Any CPU
		{02ECB24F-C2DF-4BBC-918A-72A9FDFC4CD2}.Release|Any CPU.Build.0 = Release|Any CPU
		{33D99882-899A-4DF9-955F-B655B6F61CE9}.Debug|Any CPU.ActiveCfg = Debug|Any CPU
		{33D99882-899A-4DF9-955F-B655B6F61CE9}.Debug|Any CPU.Build.0 = Debug|Any CPU
		{33D99882-899A-4DF9-955F-B655B6F61CE9}.Release|Any CPU.ActiveCfg = Release|Any CPU
		{33D99882-899A-4DF9-955F-B655B6F61CE9}.Release|Any CPU.Build.0 = Release|Any CPU
		{24896ED0-32CD-488A-A8A0-3EFE1055C2F3}.Debug|Any CPU.ActiveCfg = Debug|Any CPU
		{24896ED0-32CD-488A-A8A0-3EFE1055C2F3}.Debug|Any CPU.Build.0 = Debug|Any CPU
		{24896ED0-32CD-488A-A8A0-3EFE1055C2F3}.Release|Any CPU.ActiveCfg = Release|Any CPU
		{24896ED0-32CD-488A-A8A0-3EFE1055C2F3}.Release|Any CPU.Build.0 = Release|Any CPU
		{B6F1BFCD-6D38-4A06-AFEA-128766F069CA}.Debug|Any CPU.ActiveCfg = Debug|Any CPU
		{B6F1BFCD-6D38-4A06-AFEA-128766F069CA}.Debug|Any CPU.Build.0 = Debug|Any CPU
		{B6F1BFCD-6D38-4A06-AFEA-128766F069CA}.Release|Any CPU.ActiveCfg = Release|Any CPU
		{B6F1BFCD-6D38-4A06-AFEA-128766F069CA}.Release|Any CPU.Build.0 = Release|Any CPU
	EndGlobalSection
	GlobalSection(NestedProjects) = preSolution
		{44194D89-B633-4BE2-A810-7335EB7C2F4F} = {C76B1A71-E17E-4C2A-A5FB-A5D03E2C489B}
		{25F83B43-C199-406F-9A10-A69ED699B563} = {C76B1A71-E17E-4C2A-A5FB-A5D03E2C489B}
		{ACD023F2-F6C0-463F-9472-D93749E45882} = {C76B1A71-E17E-4C2A-A5FB-A5D03E2C489B}
		{E0DFD674-5DD0-4805-A310-7FA15440C7AF} = {C76B1A71-E17E-4C2A-A5FB-A5D03E2C489B}
		{02ECB24F-C2DF-4BBC-918A-72A9FDFC4CD2} = {C76B1A71-E17E-4C2A-A5FB-A5D03E2C489B}
		{33D99882-899A-4DF9-955F-B655B6F61CE9} = {AC8EA7CF-E214-4D55-9682-6F8632A277ED}
		{24896ED0-32CD-488A-A8A0-3EFE1055C2F3} = {3C81A150-631F-4513-B71C-2AB442957EE2}
		{B6F1BFCD-6D38-4A06-AFEA-128766F069CA} = {AC8EA7CF-E214-4D55-9682-6F8632A277ED}
	EndGlobalSection
EndGlobal
